<Solution>
  <Project Path="src/OpenAPI.ClientSDKGenerator/OpenAPI.ClientSDKGenerator.csproj" />
  <Project Path="tests/Example.OpenApi/Example.OpenApi.csproj" />
  <Project Path="tests/Example.OpenApi32.IntegrationTests/Example.OpenApi32.IntegrationTests.csproj" />
  <Project Path="tests/OpenAPI.ClientSDKGenerator.Tests/OpenAPI.ClientSDKGenerator.Tests.csproj" />
</Solution>
